
Microsoft Visual Studio Solution File, Format Version 12.00
# Visual Studio Version 16
VisualStudioVersion = 16.0.30406.217
MinimumVisualStudioVersion = 10.0.40219.1
Project("{888888A0-9F3D-457C-B088-3A5042F75D52}") = "game tic tac", "game tic tac\game tic tac.pyproj", "{FB3CCCEF-C888-4329-AFA9-20182F34F24E}"
EndProject
Global
	GlobalSection(SolutionConfigurationPlatforms) = preSolution
		Debug|Any CPU = Debug|Any CPU
		Release|Any CPU = Release|Any CPU
	EndGlobalSection
	GlobalSection(ProjectConfigurationPlatforms) = postSolution
		{FB3CCCEF-C888-4329-AFA9-20182F34F24E}.Debug|Any CPU.ActiveCfg = Debug|Any CPU
		{FB3CCCEF-C888-4329-AFA9-20182F34F24E}.Release|Any CPU.ActiveCfg = Release|Any CPU
	EndGlobalSection
	GlobalSection(SolutionProperties) = preSolution
		HideSolutionNode = FALSE
	EndGlobalSection
	GlobalSection(ExtensibilityGlobals) = postSolution
		SolutionGuid = {3A7A2AC4-6018-4C25-B7CE-AA4485607E9F}
	EndGlobalSection
EndGlobal
